
Microsoft Visual Studio Solution File, Format Version 10.00
# Visual Studio 2008
Project("{2150E333-8FDC-42A3-9474-1A3956D46DE8}") = "Client", "Client", "{C84DB7B4-7BDD-488E-BB56-1F8F1C79DA80}"
EndProject
Project("{2150E333-8FDC-42A3-9474-1A3956D46DE8}") = "External", "External", "{7CEE57DF-2387-45C0-9B85-D648B13E5DFD}"
EndProject
Project("{8BC9CEB8-8B4A-11D0-8D11-00A0C91BC942}") = "lua", "..\FTCommon\External\lua\lua.vcproj", "{CF49E545-3112-4CBA-86EB-DE65E4038399}"
EndProject
Project("{8BC9CEB8-8B4A-11D0-8D11-00A0C91BC942}") = "tolua", "..\FTCommon\External\tolua\tolua.vcproj", "{1F759FB4-847E-45F9-BC70-6DD5CA6F76F3}"
	ProjectSection(ProjectDependencies) = postProject
		{CF49E545-3112-4CBA-86EB-DE65E4038399} = {CF49E545-3112-4CBA-86EB-DE65E4038399}
	EndProjectSection
EndProject
Project("{8BC9CEB8-8B4A-11D0-8D11-00A0C91BC942}") = "tolua++", "..\FTCommon\External\tolua++\tolua++.vcproj", "{BA29F956-5D99-44FA-A38C-FC24174ABBAE}"
	ProjectSection(ProjectDependencies) = postProject
		{CF49E545-3112-4CBA-86EB-DE65E4038399} = {CF49E545-3112-4CBA-86EB-DE65E4038399}
		{1F759FB4-847E-45F9-BC70-6DD5CA6F76F3} = {1F759FB4-847E-45F9-BC70-6DD5CA6F76F3}
	EndProjectSection
EndProject
Project("{8BC9CEB8-8B4A-11D0-8D11-00A0C91BC942}") = "Tool", "..\FTCommon\Project\Tool\Tool.vcproj", "{82252E1B-455A-4F5D-84D7-CE989DE040BD}"
EndProject
Project("{8BC9CEB8-8B4A-11D0-8D11-00A0C91BC942}") = "Log", "..\FTCommon\Project\Log\Log.vcproj", "{2DB1461C-AF09-4A54-91DC-3D9028DBD685}"
EndProject
Project("{8BC9CEB8-8B4A-11D0-8D11-00A0C91BC942}") = "FTDGen", "..\FTCommon\Project\FTDGen\FTDGen.vcproj", "{A351DEA9-66D0-4F90-A47A-E11A5BE72FD4}"
EndProject
Project("{8BC9CEB8-8B4A-11D0-8D11-00A0C91BC942}") = "FTGen", "..\FTCommon\Project\FTGen\FTGen.vcproj", "{6E702C12-A30F-468D-AA39-086F0D01E85C}"
EndProject
Project("{8BC9CEB8-8B4A-11D0-8D11-00A0C91BC942}") = "PRGen", "..\FTCommon\Project\PRGen\PRGen.vcproj", "{ABBA78E7-892B-4091-AD45-3E1416C895BB}"
EndProject
Project("{8BC9CEB8-8B4A-11D0-8D11-00A0C91BC942}") = "GenFiles", "..\FTCommon\Project\GenFiles\GenFiles.vcproj", "{59F59BEA-4FFD-4659-957C-DF4FE47C525A}"
EndProject
Project("{8BC9CEB8-8B4A-11D0-8D11-00A0C91BC942}") = "ClientBase", "Project\ClientBase\ClientBase.vcproj", "{1F6190C6-D588-44B1-BDB5-3E1957BFDD69}"
	ProjectSection(ProjectDependencies) = postProject
		{82252E1B-455A-4F5D-84D7-CE989DE040BD} = {82252E1B-455A-4F5D-84D7-CE989DE040BD}
		{2DB1461C-AF09-4A54-91DC-3D9028DBD685} = {2DB1461C-AF09-4A54-91DC-3D9028DBD685}
		{D0F1863D-C9EF-46CC-B8AA-A133466C8CAC} = {D0F1863D-C9EF-46CC-B8AA-A133466C8CAC}
	EndProjectSection
EndProject
Project("{8BC9CEB8-8B4A-11D0-8D11-00A0C91BC942}") = "Client", "Client\Client.vcproj", "{B2C7F702-A8F5-4526-8EDE-EDA798FF092F}"
	ProjectSection(ProjectDependencies) = postProject
		{82252E1B-455A-4F5D-84D7-CE989DE040BD} = {82252E1B-455A-4F5D-84D7-CE989DE040BD}
		{2DB1461C-AF09-4A54-91DC-3D9028DBD685} = {2DB1461C-AF09-4A54-91DC-3D9028DBD685}
		{D0F1863D-C9EF-46CC-B8AA-A133466C8CAC} = {D0F1863D-C9EF-46CC-B8AA-A133466C8CAC}
		{1F6190C6-D588-44B1-BDB5-3E1957BFDD69} = {1F6190C6-D588-44B1-BDB5-3E1957BFDD69}
	EndProjectSection
EndProject
Project("{8BC9CEB8-8B4A-11D0-8D11-00A0C91BC942}") = "Fantuan", "Fantuan\Fantuan.vcproj", "{DE702F32-1C71-423C-BC49-92667D629871}"
EndProject
Project("{8BC9CEB8-8B4A-11D0-8D11-00A0C91BC942}") = "StarNet", "Project\StarNet\StarNet.vcproj", "{D0F1863D-C9EF-46CC-B8AA-A133466C8CAC}"
EndProject
Global
	GlobalSection(SolutionConfigurationPlatforms) = preSolution
		Debug|Win32 = Debug|Win32
		Release|Win32 = Release|Win32
	EndGlobalSection
	GlobalSection(ProjectConfigurationPlatforms) = postSolution
		{CF49E545-3112-4CBA-86EB-DE65E4038399}.Debug|Win32.ActiveCfg = Debug|Win32
		{CF49E545-3112-4CBA-86EB-DE65E4038399}.Debug|Win32.Build.0 = Debug|Win32
		{CF49E545-3112-4CBA-86EB-DE65E4038399}.Release|Win32.ActiveCfg = Release|Win32
		{CF49E545-3112-4CBA-86EB-DE65E4038399}.Release|Win32.Build.0 = Release|Win32
		{1F759FB4-847E-45F9-BC70-6DD5CA6F76F3}.Debug|Win32.ActiveCfg = Debug|Win32
		{1F759FB4-847E-45F9-BC70-6DD5CA6F76F3}.Debug|Win32.Build.0 = Debug|Win32
		{1F759FB4-847E-45F9-BC70-6DD5CA6F76F3}.Release|Win32.ActiveCfg = Release|Win32
		{1F759FB4-847E-45F9-BC70-6DD5CA6F76F3}.Release|Win32.Build.0 = Release|Win32
		{BA29F956-5D99-44FA-A38C-FC24174ABBAE}.Debug|Win32.ActiveCfg = Debug|Win32
		{BA29F956-5D99-44FA-A38C-FC24174ABBAE}.Debug|Win32.Build.0 = Debug|Win32
		{BA29F956-5D99-44FA-A38C-FC24174ABBAE}.Release|Win32.ActiveCfg = Release|Win32
		{BA29F956-5D99-44FA-A38C-FC24174ABBAE}.Release|Win32.Build.0 = Release|Win32
		{82252E1B-455A-4F5D-84D7-CE989DE040BD}.Debug|Win32.ActiveCfg = Debug|Win32
		{82252E1B-455A-4F5D-84D7-CE989DE040BD}.Debug|Win32.Build.0 = Debug|Win32
		{82252E1B-455A-4F5D-84D7-CE989DE040BD}.Release|Win32.ActiveCfg = Release|Win32
		{82252E1B-455A-4F5D-84D7-CE989DE040BD}.Release|Win32.Build.0 = Release|Win32
		{2DB1461C-AF09-4A54-91DC-3D9028DBD685}.Debug|Win32.ActiveCfg = Debug|Win32
		{2DB1461C-AF09-4A54-91DC-3D9028DBD685}.Debug|Win32.Build.0 = Debug|Win32
		{2DB1461C-AF09-4A54-91DC-3D9028DBD685}.Release|Win32.ActiveCfg = Release|Win32
		{2DB1461C-AF09-4A54-91DC-3D9028DBD685}.Release|Win32.Build.0 = Release|Win32
		{A351DEA9-66D0-4F90-A47A-E11A5BE72FD4}.Debug|Win32.ActiveCfg = Debug|Win32
		{A351DEA9-66D0-4F90-A47A-E11A5BE72FD4}.Debug|Win32.Build.0 = Debug|Win32
		{A351DEA9-66D0-4F90-A47A-E11A5BE72FD4}.Release|Win32.ActiveCfg = Release|Win32
		{A351DEA9-66D0-4F90-A47A-E11A5BE72FD4}.Release|Win32.Build.0 = Release|Win32
		{6E702C12-A30F-468D-AA39-086F0D01E85C}.Debug|Win32.ActiveCfg = Debug|Win32
		{6E702C12-A30F-468D-AA39-086F0D01E85C}.Debug|Win32.Build.0 = Debug|Win32
		{6E702C12-A30F-468D-AA39-086F0D01E85C}.Release|Win32.ActiveCfg = Release|Win32
		{6E702C12-A30F-468D-AA39-086F0D01E85C}.Release|Win32.Build.0 = Release|Win32
		{ABBA78E7-892B-4091-AD45-3E1416C895BB}.Debug|Win32.ActiveCfg = Debug|Win32
		{ABBA78E7-892B-4091-AD45-3E1416C895BB}.Debug|Win32.Build.0 = Debug|Win32
		{ABBA78E7-892B-4091-AD45-3E1416C895BB}.Release|Win32.ActiveCfg = Release|Win32
		{ABBA78E7-892B-4091-AD45-3E1416C895BB}.Release|Win32.Build.0 = Release|Win32
		{59F59BEA-4FFD-4659-957C-DF4FE47C525A}.Debug|Win32.ActiveCfg = Debug|Win32
		{59F59BEA-4FFD-4659-957C-DF4FE47C525A}.Debug|Win32.Build.0 = Debug|Win32
		{59F59BEA-4FFD-4659-957C-DF4FE47C525A}.Release|Win32.ActiveCfg = Release|Win32
		{59F59BEA-4FFD-4659-957C-DF4FE47C525A}.Release|Win32.Build.0 = Release|Win32
		{1F6190C6-D588-44B1-BDB5-3E1957BFDD69}.Debug|Win32.ActiveCfg = Debug|Win32
		{1F6190C6-D588-44B1-BDB5-3E1957BFDD69}.Debug|Win32.Build.0 = Debug|Win32
		{1F6190C6-D588-44B1-BDB5-3E1957BFDD69}.Release|Win32.ActiveCfg = Release|Win32
		{1F6190C6-D588-44B1-BDB5-3E1957BFDD69}.Release|Win32.Build.0 = Release|Win32
		{B2C7F702-A8F5-4526-8EDE-EDA798FF092F}.Debug|Win32.ActiveCfg = Debug|Win32
		{B2C7F702-A8F5-4526-8EDE-EDA798FF092F}.Debug|Win32.Build.0 = Debug|Win32
		{B2C7F702-A8F5-4526-8EDE-EDA798FF092F}.Release|Win32.ActiveCfg = Release|Win32
		{B2C7F702-A8F5-4526-8EDE-EDA798FF092F}.Release|Win32.Build.0 = Release|Win32
		{DE702F32-1C71-423C-BC49-92667D629871}.Debug|Win32.ActiveCfg = Debug|Win32
		{DE702F32-1C71-423C-BC49-92667D629871}.Debug|Win32.Build.0 = Debug|Win32
		{DE702F32-1C71-423C-BC49-92667D629871}.Release|Win32.ActiveCfg = Release|Win32
		{DE702F32-1C71-423C-BC49-92667D629871}.Release|Win32.Build.0 = Release|Win32
		{D0F1863D-C9EF-46CC-B8AA-A133466C8CAC}.Debug|Win32.ActiveCfg = Debug|Win32
		{D0F1863D-C9EF-46CC-B8AA-A133466C8CAC}.Debug|Win32.Build.0 = Debug|Win32
		{D0F1863D-C9EF-46CC-B8AA-A133466C8CAC}.Release|Win32.ActiveCfg = Release|Win32
		{D0F1863D-C9EF-46CC-B8AA-A133466C8CAC}.Release|Win32.Build.0 = Release|Win32
	EndGlobalSection
	GlobalSection(SolutionProperties) = preSolution
		HideSolutionNode = FALSE
	EndGlobalSection
	GlobalSection(NestedProjects) = preSolution
		{B2C7F702-A8F5-4526-8EDE-EDA798FF092F} = {C84DB7B4-7BDD-488E-BB56-1F8F1C79DA80}
		{DE702F32-1C71-423C-BC49-92667D629871} = {C84DB7B4-7BDD-488E-BB56-1F8F1C79DA80}
		{CF49E545-3112-4CBA-86EB-DE65E4038399} = {7CEE57DF-2387-45C0-9B85-D648B13E5DFD}
		{1F759FB4-847E-45F9-BC70-6DD5CA6F76F3} = {7CEE57DF-2387-45C0-9B85-D648B13E5DFD}
		{BA29F956-5D99-44FA-A38C-FC24174ABBAE} = {7CEE57DF-2387-45C0-9B85-D648B13E5DFD}
	EndGlobalSection
EndGlobal
