
Microsoft Visual Studio Solution File, Format Version 10.00
# Visual Studio 2008
Project("{8BC9CEB8-8B4A-11D0-8D11-00A0C91BC942}") = "Server", "Server\Server.vcproj", "{1F71A8C5-9D9D-4753-8812-59271EA4E4B4}"
EndProject
Project("{8BC9CEB8-8B4A-11D0-8D11-00A0C91BC942}") = "Client", "Client\Client.vcproj", "{B2C7F702-A8F5-4526-8EDE-EDA798FF092F}"
EndProject
Project("{8BC9CEB8-8B4A-11D0-8D11-00A0C91BC942}") = "StarNet", "StarNet\StarNet.vcproj", "{D0F1863D-C9EF-46CC-B8AA-A133466C8CAC}"
EndProject
Global
	GlobalSection(SolutionConfigurationPlatforms) = preSolution
		Debug|Win32 = Debug|Win32
		Release|Win32 = Release|Win32
	EndGlobalSection
	GlobalSection(ProjectConfigurationPlatforms) = postSolution
		{1F71A8C5-9D9D-4753-8812-59271EA4E4B4}.Debug|Win32.ActiveCfg = Debug|Win32
		{1F71A8C5-9D9D-4753-8812-59271EA4E4B4}.Debug|Win32.Build.0 = Debug|Win32
		{1F71A8C5-9D9D-4753-8812-59271EA4E4B4}.Release|Win32.ActiveCfg = Release|Win32
		{1F71A8C5-9D9D-4753-8812-59271EA4E4B4}.Release|Win32.Build.0 = Release|Win32
		{B2C7F702-A8F5-4526-8EDE-EDA798FF092F}.Debug|Win32.ActiveCfg = Debug|Win32
		{B2C7F702-A8F5-4526-8EDE-EDA798FF092F}.Debug|Win32.Build.0 = Debug|Win32
		{B2C7F702-A8F5-4526-8EDE-EDA798FF092F}.Release|Win32.ActiveCfg = Release|Win32
		{B2C7F702-A8F5-4526-8EDE-EDA798FF092F}.Release|Win32.Build.0 = Release|Win32
		{D0F1863D-C9EF-46CC-B8AA-A133466C8CAC}.Debug|Win32.ActiveCfg = Debug|Win32
		{D0F1863D-C9EF-46CC-B8AA-A133466C8CAC}.Debug|Win32.Build.0 = Debug|Win32
		{D0F1863D-C9EF-46CC-B8AA-A133466C8CAC}.Release|Win32.ActiveCfg = Release|Win32
		{D0F1863D-C9EF-46CC-B8AA-A133466C8CAC}.Release|Win32.Build.0 = Release|Win32
	EndGlobalSection
	GlobalSection(SolutionProperties) = preSolution
		HideSolutionNode = FALSE
	EndGlobalSection
EndGlobal
